
Microsoft Visual Studio Solution File, Format Version 12.00
# Visual Studio Version 17
VisualStudioVersion = 17.6.33723.286
MinimumVisualStudioVersion = 10.0.40219.1
Project("{8BC9CEB8-8B4A-11D0-8D11-00A0C91BC942}") = "AirPortSysyem", "Контрольная Работа\Контрольная Работа.vcxproj", "{C4BCD6F3-CFC8-4C6F-AF7F-7FC13AE92217}"
EndProject
Global
	GlobalSection(SolutionConfigurationPlatforms) = preSolution
		Debug|x64 = Debug|x64
		Debug|x86 = Debug|x86
		Release|x64 = Release|x64
		Release|x86 = Release|x86
	EndGlobalSection
	GlobalSection(ProjectConfigurationPlatforms) = postSolution
		{C4BCD6F3-CFC8-4C6F-AF7F-7FC13AE92217}.Debug|x64.ActiveCfg = Debug|x64
		{C4BCD6F3-CFC8-4C6F-AF7F-7FC13AE92217}.Debug|x64.Build.0 = Debug|x64
		{C4BCD6F3-CFC8-4C6F-AF7F-7FC13AE92217}.Debug|x86.ActiveCfg = Debug|Win32
		{C4BCD6F3-CFC8-4C6F-AF7F-7FC13AE92217}.Debug|x86.Build.0 = Debug|Win32
		{C4BCD6F3-CFC8-4C6F-AF7F-7FC13AE92217}.Release|x64.ActiveCfg = Release|x64
		{C4BCD6F3-CFC8-4C6F-AF7F-7FC13AE92217}.Release|x64.Build.0 = Release|x64
		{C4BCD6F3-CFC8-4C6F-AF7F-7FC13AE92217}.Release|x86.ActiveCfg = Release|Win32
		{C4BCD6F3-CFC8-4C6F-AF7F-7FC13AE92217}.Release|x86.Build.0 = Release|Win32
	EndGlobalSection
	GlobalSection(SolutionProperties) = preSolution
		HideSolutionNode = FALSE
	EndGlobalSection
	GlobalSection(ExtensibilityGlobals) = postSolution
		SolutionGuid = {AB48BFAB-C845-4D38-BB5F-8B8B4352816B}
	EndGlobalSection
EndGlobal
